<?xml version="1.0" encoding="utf-8"?>
<Project ToolsVersion="14.0" xmlns="http://schemas.microsoft.com/developer/msbuild/2003">
  <ItemGroup>
    <CustomBuild Include="C:\thesis\build\x64\release\MUKNO2-gris\CMakeFiles\c565db842f21305bb41f1db6ac8520e7\BUNDLE.rule">
      <Filter>CMake Rules</Filter>
    </CustomBuild>
    <CustomBuild Include="C:\thesis\repo\MUKNO\CMakeLists.txt" />
  </ItemGroup>
  <ItemGroup>
    <None Include="C:\thesis\build\x64\release\MUKNO2-gris\CMakeFiles\BUNDLE" />
  </ItemGroup>
  <ItemGroup>
    <Filter Include="CMake Rules">
      <UniqueIdentifier>{619A61E2-EEB5-3956-A440-0B013515F437}</UniqueIdentifier>
    </Filter>
  </ItemGroup>
</Project>
