<?xml version="1.0" encoding="utf-8"?>
<Project ToolsVersion="14.0" xmlns="http://schemas.microsoft.com/developer/msbuild/2003">
  <ItemGroup>
    <ClCompile Include="C:\thesis\repo\MUKNO\src\MukAlgorithms\AlgorithmFactory.cpp">
      <Filter>Source Files</Filter>
    </ClCompile>
    <ClCompile Include="C:\thesis\repo\MUKNO\src\MukAlgorithms\AlgorithmManager.cpp">
      <Filter>Source Files</Filter>
    </ClCompile>
    <ClCompile Include="C:\thesis\repo\MUKNO\src\MukAlgorithms\AlgorithmWrapper.cpp">
      <Filter>Source Files</Filter>
    </ClCompile>
    <ClCompile Include="C:\thesis\repo\MUKNO\src\MukAlgorithms\And.cpp">
      <Filter>Source Files</Filter>
    </ClCompile>
    <ClCompile Include="C:\thesis\repo\MUKNO\src\MukAlgorithms\AndOrNot.cpp">
      <Filter>Source Files</Filter>
    </ClCompile>
    <ClCompile Include="C:\thesis\repo\MUKNO\src\MukAlgorithms\BinaryDilate.cpp">
      <Filter>Source Files</Filter>
    </ClCompile>
    <ClCompile Include="C:\thesis\repo\MUKNO\src\MukAlgorithms\BinaryErode.cpp">
      <Filter>Source Files</Filter>
    </ClCompile>
    <ClCompile Include="C:\thesis\repo\MUKNO\src\MukAlgorithms\BinaryNot.cpp">
      <Filter>Source Files</Filter>
    </ClCompile>
    <ClCompile Include="C:\thesis\repo\MUKNO\src\MukAlgorithms\BinaryThresholdFilter.cpp">
      <Filter>Source Files</Filter>
    </ClCompile>
    <ClCompile Include="C:\thesis\repo\MUKNO\src\MukAlgorithms\CannyEdgeDetectionImageFilter.cpp">
      <Filter>Source Files</Filter>
    </ClCompile>
    <ClCompile Include="C:\thesis\repo\MUKNO\src\MukAlgorithms\ConfidenceConnectedImageFilter.cpp">
      <Filter>Source Files</Filter>
    </ClCompile>
    <ClCompile Include="C:\thesis\repo\MUKNO\src\MukAlgorithms\ConnectedThresholdImageFilter.cpp">
      <Filter>Source Files</Filter>
    </ClCompile>
    <ClCompile Include="C:\thesis\repo\MUKNO\src\MukAlgorithms\CurvatureAnisotropicDiffusionImageFilter.cpp">
      <Filter>Source Files</Filter>
    </ClCompile>
    <ClCompile Include="C:\thesis\repo\MUKNO\src\MukAlgorithms\CurvatureFlowImageFilter.cpp">
      <Filter>Source Files</Filter>
    </ClCompile>
    <ClCompile Include="C:\thesis\repo\MUKNO\src\MukAlgorithms\DeformableMesh.cpp">
      <Filter>Source Files</Filter>
    </ClCompile>
    <ClCompile Include="C:\thesis\repo\MUKNO\src\MukAlgorithms\DiscreteGaussian.cpp">
      <Filter>Source Files</Filter>
    </ClCompile>
    <ClCompile Include="C:\thesis\repo\MUKNO\src\MukAlgorithms\DistanceMap.cpp">
      <Filter>Source Files</Filter>
    </ClCompile>
    <ClCompile Include="C:\thesis\repo\MUKNO\src\MukAlgorithms\FlipImage.cpp">
      <Filter>Source Files</Filter>
    </ClCompile>
    <ClCompile Include="C:\thesis\repo\MUKNO\src\MukAlgorithms\GradientImageFilter.cpp">
      <Filter>Source Files</Filter>
    </ClCompile>
    <ClCompile Include="C:\thesis\repo\MUKNO\src\MukAlgorithms\DiscreteGaussianImageFilter.cpp">
      <Filter>Source Files</Filter>
    </ClCompile>
    <ClCompile Include="C:\thesis\repo\MUKNO\src\MukAlgorithms\GradientAnisotropicDiffusionImageFilter.cpp">
      <Filter>Source Files</Filter>
    </ClCompile>
    <ClCompile Include="C:\thesis\repo\MUKNO\src\MukAlgorithms\ImageFileWriter.cpp">
      <Filter>Source Files</Filter>
    </ClCompile>
    <ClCompile Include="C:\thesis\repo\MUKNO\src\MukAlgorithms\ImageReader.cpp">
      <Filter>Source Files</Filter>
    </ClCompile>
    <ClCompile Include="C:\thesis\repo\MUKNO\src\MukAlgorithms\LaplacianImageFilter.cpp">
      <Filter>Source Files</Filter>
    </ClCompile>
    <ClCompile Include="C:\thesis\repo\MUKNO\src\MukAlgorithms\LargestRegion.cpp">
      <Filter>Source Files</Filter>
    </ClCompile>
    <ClCompile Include="C:\thesis\repo\MUKNO\src\MukAlgorithms\LargestRegionFilter.cpp">
      <Filter>Source Files</Filter>
    </ClCompile>
    <ClCompile Include="C:\thesis\repo\MUKNO\src\MukAlgorithms\MarchingCubes.cpp">
      <Filter>Source Files</Filter>
    </ClCompile>
    <ClCompile Include="C:\thesis\repo\MUKNO\src\MukAlgorithms\MedianImageFilter.cpp">
      <Filter>Source Files</Filter>
    </ClCompile>
    <ClCompile Include="C:\thesis\repo\MUKNO\src\MukAlgorithms\Or.cpp">
      <Filter>Source Files</Filter>
    </ClCompile>
    <ClCompile Include="C:\thesis\repo\MUKNO\src\MukAlgorithms\RescaleFilter.cpp">
      <Filter>Source Files</Filter>
    </ClCompile>
    <ClCompile Include="C:\thesis\repo\MUKNO\src\MukAlgorithms\SobelEdgeDetectionImageFilter.cpp">
      <Filter>Source Files</Filter>
    </ClCompile>
    <ClCompile Include="C:\thesis\repo\MUKNO\src\MukAlgorithms\MeshReduction.cpp">
      <Filter>Source Files</Filter>
    </ClCompile>
    <ClCompile Include="C:\thesis\repo\MUKNO\src\MukAlgorithms\MeshSource.cpp">
      <Filter>Source Files</Filter>
    </ClCompile>
    <ClCompile Include="C:\thesis\repo\MUKNO\src\MukAlgorithms\meshToBinaryImage.cpp">
      <Filter>Source Files</Filter>
    </ClCompile>
    <ClCompile Include="C:\thesis\repo\MUKNO\src\MukAlgorithms\MeshToImageFilter.cpp">
      <Filter>Source Files</Filter>
    </ClCompile>
    <ClCompile Include="C:\thesis\repo\MUKNO\src\MukAlgorithms\MorphologicalClosing.cpp">
      <Filter>Source Files</Filter>
    </ClCompile>
    <ClCompile Include="C:\thesis\repo\MUKNO\src\MukAlgorithms\muk_algorithms_tools.cpp">
      <Filter>Source Files</Filter>
    </ClCompile>
    <ClCompile Include="C:\thesis\repo\MUKNO\src\MukAlgorithms\PointCloudFromImage.cpp">
      <Filter>Source Files</Filter>
    </ClCompile>
    <ClCompile Include="C:\thesis\repo\MUKNO\src\MukAlgorithms\PolyDataReader.cpp">
      <Filter>Source Files</Filter>
    </ClCompile>
    <ClCompile Include="C:\thesis\repo\MUKNO\src\MukAlgorithms\PolyDataWriter.cpp">
      <Filter>Source Files</Filter>
    </ClCompile>
    <ClCompile Include="C:\thesis\repo\MUKNO\src\MukAlgorithms\OpenClose3D.cpp">
      <Filter>Source Files</Filter>
    </ClCompile>
    <ClCompile Include="C:\thesis\repo\MUKNO\src\MukAlgorithms\OtsuThresholding.cpp">
      <Filter>Source Files</Filter>
    </ClCompile>
    <ClCompile Include="C:\thesis\repo\MUKNO\src\MukAlgorithms\RegionOfInterest.cpp">
      <Filter>Source Files</Filter>
    </ClCompile>
    <ClCompile Include="C:\thesis\repo\MUKNO\src\MukAlgorithms\Remesher.cpp">
      <Filter>Source Files</Filter>
    </ClCompile>
    <ClCompile Include="C:\thesis\repo\MUKNO\src\MukAlgorithms\RescaleIntensity.cpp">
      <Filter>Source Files</Filter>
    </ClCompile>
    <ClCompile Include="C:\thesis\repo\MUKNO\src\MukAlgorithms\SmoothSurfaceExtraction.cpp">
      <Filter>Source Files</Filter>
    </ClCompile>
    <ClCompile Include="C:\thesis\repo\MUKNO\src\MukAlgorithms\SobelFilter.cpp">
      <Filter>Source Files</Filter>
    </ClCompile>
    <ClCompile Include="C:\thesis\repo\MUKNO\src\MukAlgorithms\ThresholdFilter.cpp">
      <Filter>Source Files</Filter>
    </ClCompile>
    <ClCompile Include="C:\thesis\repo\MUKNO\src\MukAlgorithms\SliceImageFileWriter.cpp">
      <Filter>Source Files</Filter>
    </ClCompile>
    <ClCompile Include="C:\thesis\repo\MUKNO\src\MukAlgorithms\ConnectedThresholdSliceImageFilter.cpp">
      <Filter>Source Files</Filter>
    </ClCompile>
    <ClCompile Include="C:\thesis\repo\MUKNO\src\MukAlgorithms\OrSliceImage.cpp">
      <Filter>Source Files</Filter>
    </ClCompile>
    <ClCompile Include="C:\thesis\repo\MUKNO\src\MukAlgorithms\BinaryThresholdSliceFilter.cpp">
      <Filter>Source Files</Filter>
    </ClCompile>
    <ClCompile Include="C:\thesis\repo\MUKNO\src\MukAlgorithms\GaussianSliceFilter.cpp">
      <Filter>Source Files</Filter>
    </ClCompile>
    <ClCompile Include="C:\thesis\repo\MUKNO\src\MukAlgorithms\WatershedSliceFilter.cpp">
      <Filter>Source Files</Filter>
    </ClCompile>
    <ClCompile Include="C:\thesis\repo\MUKNO\src\MukAlgorithms\SliceImageReader.cpp">
      <Filter>Source Files</Filter>
    </ClCompile>
    <ClCompile Include="C:\thesis\repo\MUKNO\src\MukAlgorithms\MedianSliceImageFilter.cpp">
      <Filter>Source Files</Filter>
    </ClCompile>
    <ClCompile Include="C:\thesis\repo\MUKNO\src\MukAlgorithms\FloatSliceImageToSliceImageFilter.cpp">
      <Filter>Source Files</Filter>
    </ClCompile>
    <ClCompile Include="C:\thesis\repo\MUKNO\src\MukAlgorithms\Skeletonization.cpp">
      <Filter>Source Files</Filter>
    </ClCompile>
    <ClCompile Include="C:\thesis\repo\MUKNO\src\MukAlgorithms\Skeletonization2.cpp">
      <Filter>Source Files</Filter>
    </ClCompile>
    <ClCompile Include="C:\thesis\repo\MUKNO\src\MukAlgorithms\tools.cpp">
      <Filter>Source Files</Filter>
    </ClCompile>
  </ItemGroup>
  <ItemGroup>
    <ClInclude Include="C:\thesis\repo\MUKNO\include\MukAlgorithms\private\LargestRegionFilter.h">
      <Filter>Header Files\private</Filter>
    </ClInclude>
    <ClInclude Include="C:\thesis\repo\MUKNO\include\MukAlgorithms\private\SkeletonizationFilter.h">
      <Filter>Header Files\private</Filter>
    </ClInclude>
    <ClInclude Include="C:\thesis\repo\MUKNO\include\MukAlgorithms\private\SkeletonizationFilter.hxx">
      <Filter>Header Files\private</Filter>
    </ClInclude>
    <ClInclude Include="C:\thesis\repo\MUKNO\include\MukAlgorithms\private\tools.h">
      <Filter>Header Files\private</Filter>
    </ClInclude>
    <ClInclude Include="C:\thesis\repo\MUKNO\include\MukAlgorithms\muk_algorithms_tools.h">
      <Filter>Header Files</Filter>
    </ClInclude>
    <ClInclude Include="C:\thesis\repo\MUKNO\include\MukAlgorithms\AndOrNot.h">
      <Filter>Header Files</Filter>
    </ClInclude>
    <ClInclude Include="C:\thesis\repo\MUKNO\include\MukAlgorithms\AlgorithmFactory.h">
      <Filter>Header Files</Filter>
    </ClInclude>
    <ClInclude Include="C:\thesis\repo\MUKNO\include\MukAlgorithms\AlgorithmManager.h">
      <Filter>Header Files</Filter>
    </ClInclude>
    <ClInclude Include="C:\thesis\repo\MUKNO\include\MukAlgorithms\AlgorithmWrapper.h">
      <Filter>Header Files</Filter>
    </ClInclude>
    <ClInclude Include="C:\thesis\repo\MUKNO\include\MukAlgorithms\And.h">
      <Filter>Header Files</Filter>
    </ClInclude>
    <ClInclude Include="C:\thesis\repo\MUKNO\include\MukAlgorithms\BinaryDilate.h">
      <Filter>Header Files</Filter>
    </ClInclude>
    <ClInclude Include="C:\thesis\repo\MUKNO\include\MukAlgorithms\BinaryErode.h">
      <Filter>Header Files</Filter>
    </ClInclude>
    <ClInclude Include="C:\thesis\repo\MUKNO\include\MukAlgorithms\BinaryNot.h">
      <Filter>Header Files</Filter>
    </ClInclude>
    <ClInclude Include="C:\thesis\repo\MUKNO\include\MukAlgorithms\BinaryThresholdFilter.h">
      <Filter>Header Files</Filter>
    </ClInclude>
    <ClInclude Include="C:\thesis\repo\MUKNO\include\MukAlgorithms\CannyEdgeDetectionImageFilter.h">
      <Filter>Header Files</Filter>
    </ClInclude>
    <ClInclude Include="C:\thesis\repo\MUKNO\include\MukAlgorithms\ConfidenceConnectedImageFilter.h">
      <Filter>Header Files</Filter>
    </ClInclude>
    <ClInclude Include="C:\thesis\repo\MUKNO\include\MukAlgorithms\ConnectedThresholdImageFilter.h">
      <Filter>Header Files</Filter>
    </ClInclude>
    <ClInclude Include="C:\thesis\repo\MUKNO\include\MukAlgorithms\CurvatureAnisotropicDiffusionImageFilter.h">
      <Filter>Header Files</Filter>
    </ClInclude>
    <ClInclude Include="C:\thesis\repo\MUKNO\include\MukAlgorithms\CurvatureFlowImageFilter.h">
      <Filter>Header Files</Filter>
    </ClInclude>
    <ClInclude Include="C:\thesis\repo\MUKNO\include\MukAlgorithms\DeformableMesh.h">
      <Filter>Header Files</Filter>
    </ClInclude>
    <ClInclude Include="C:\thesis\repo\MUKNO\include\MukAlgorithms\DiscreteGaussian.h">
      <Filter>Header Files</Filter>
    </ClInclude>
    <ClInclude Include="C:\thesis\repo\MUKNO\include\MukAlgorithms\DistanceMap.h">
      <Filter>Header Files</Filter>
    </ClInclude>
    <ClInclude Include="C:\thesis\repo\MUKNO\include\MukAlgorithms\GradientImageFilter.h">
      <Filter>Header Files</Filter>
    </ClInclude>
    <ClInclude Include="C:\thesis\repo\MUKNO\include\MukAlgorithms\FlipImage.h">
      <Filter>Header Files</Filter>
    </ClInclude>
    <ClInclude Include="C:\thesis\repo\MUKNO\include\MukAlgorithms\DiscreteGaussianImageFilter.h">
      <Filter>Header Files</Filter>
    </ClInclude>
    <ClInclude Include="C:\thesis\repo\MUKNO\include\MukAlgorithms\GradientAnisotropicDiffusionImageFilter.h">
      <Filter>Header Files</Filter>
    </ClInclude>
    <ClInclude Include="C:\thesis\repo\MUKNO\include\MukAlgorithms\ImageFileWriter.h">
      <Filter>Header Files</Filter>
    </ClInclude>
    <ClInclude Include="C:\thesis\repo\MUKNO\include\MukAlgorithms\ImageReader.h">
      <Filter>Header Files</Filter>
    </ClInclude>
    <ClInclude Include="C:\thesis\repo\MUKNO\include\MukAlgorithms\ITKWrapper.h">
      <Filter>Header Files</Filter>
    </ClInclude>
    <ClInclude Include="C:\thesis\repo\MUKNO\include\MukAlgorithms\LaplacianImageFilter.h">
      <Filter>Header Files</Filter>
    </ClInclude>
    <ClInclude Include="C:\thesis\repo\MUKNO\include\MukAlgorithms\LargestRegion.h">
      <Filter>Header Files</Filter>
    </ClInclude>
    <ClInclude Include="C:\thesis\repo\MUKNO\include\MukAlgorithms\MarchingCubes.h">
      <Filter>Header Files</Filter>
    </ClInclude>
    <ClInclude Include="C:\thesis\repo\MUKNO\include\MukAlgorithms\MedianImageFilter.h">
      <Filter>Header Files</Filter>
    </ClInclude>
    <ClInclude Include="C:\thesis\repo\MUKNO\include\MukAlgorithms\MeshReduction.h">
      <Filter>Header Files</Filter>
    </ClInclude>
    <ClInclude Include="C:\thesis\repo\MUKNO\include\MukAlgorithms\MeshSource.h">
      <Filter>Header Files</Filter>
    </ClInclude>
    <ClInclude Include="C:\thesis\repo\MUKNO\include\MukAlgorithms\meshToBinaryImage.h">
      <Filter>Header Files</Filter>
    </ClInclude>
    <ClInclude Include="C:\thesis\repo\MUKNO\include\MukAlgorithms\MeshToImageFilter.h">
      <Filter>Header Files</Filter>
    </ClInclude>
    <ClInclude Include="C:\thesis\repo\MUKNO\include\MukAlgorithms\MorphologicalClosing.h">
      <Filter>Header Files</Filter>
    </ClInclude>
    <ClInclude Include="C:\thesis\repo\MUKNO\include\MukAlgorithms\muk_algorithms_api.h">
      <Filter>Header Files</Filter>
    </ClInclude>
    <ClInclude Include="C:\thesis\repo\MUKNO\include\MukAlgorithms\Or.h">
      <Filter>Header Files</Filter>
    </ClInclude>
    <ClInclude Include="C:\thesis\repo\MUKNO\include\MukAlgorithms\OpenClose3D.h">
      <Filter>Header Files</Filter>
    </ClInclude>
    <ClInclude Include="C:\thesis\repo\MUKNO\include\MukAlgorithms\OtsuThresholding.h">
      <Filter>Header Files</Filter>
    </ClInclude>
    <ClInclude Include="C:\thesis\repo\MUKNO\include\MukAlgorithms\PointCloudFromImage.h">
      <Filter>Header Files</Filter>
    </ClInclude>
    <ClInclude Include="C:\thesis\repo\MUKNO\include\MukAlgorithms\PolyDataReader.h">
      <Filter>Header Files</Filter>
    </ClInclude>
    <ClInclude Include="C:\thesis\repo\MUKNO\include\MukAlgorithms\PolyDataWriter.h">
      <Filter>Header Files</Filter>
    </ClInclude>
    <ClInclude Include="C:\thesis\repo\MUKNO\include\MukAlgorithms\RescaleFilter.h">
      <Filter>Header Files</Filter>
    </ClInclude>
    <ClInclude Include="C:\thesis\repo\MUKNO\include\MukAlgorithms\RegionOfInterest.h">
      <Filter>Header Files</Filter>
    </ClInclude>
    <ClInclude Include="C:\thesis\repo\MUKNO\include\MukAlgorithms\Remesher.h">
      <Filter>Header Files</Filter>
    </ClInclude>
    <ClInclude Include="C:\thesis\repo\MUKNO\include\MukAlgorithms\RescaleIntensity.h">
      <Filter>Header Files</Filter>
    </ClInclude>
    <ClInclude Include="C:\thesis\repo\MUKNO\include\MukAlgorithms\SobelEdgeDetectionImageFilter.h">
      <Filter>Header Files</Filter>
    </ClInclude>
    <ClInclude Include="C:\thesis\repo\MUKNO\include\MukAlgorithms\Skeletonization.h">
      <Filter>Header Files</Filter>
    </ClInclude>
    <ClInclude Include="C:\thesis\repo\MUKNO\include\MukAlgorithms\Skeletonization2.h">
      <Filter>Header Files</Filter>
    </ClInclude>
    <ClInclude Include="C:\thesis\repo\MUKNO\include\MukAlgorithms\SmoothSurfaceExtraction.h">
      <Filter>Header Files</Filter>
    </ClInclude>
    <ClInclude Include="C:\thesis\repo\MUKNO\include\MukAlgorithms\SobelFilter.h">
      <Filter>Header Files</Filter>
    </ClInclude>
    <ClInclude Include="C:\thesis\repo\MUKNO\include\MukAlgorithms\ThresholdFilter.h">
      <Filter>Header Files</Filter>
    </ClInclude>
    <ClInclude Include="C:\thesis\repo\MUKNO\include\MukAlgorithms\VTKWrapper.h">
      <Filter>Header Files</Filter>
    </ClInclude>
    <ClInclude Include="C:\thesis\repo\MUKNO\include\MukAlgorithms\SliceImageFileWriter.h">
      <Filter>Header Files</Filter>
    </ClInclude>
    <ClInclude Include="C:\thesis\repo\MUKNO\include\MukAlgorithms\ConnectedThresholdSliceImageFilter.h">
      <Filter>Header Files</Filter>
    </ClInclude>
    <ClInclude Include="C:\thesis\repo\MUKNO\include\MukAlgorithms\OrSliceImage.h">
      <Filter>Header Files</Filter>
    </ClInclude>
    <ClInclude Include="C:\thesis\repo\MUKNO\include\MukAlgorithms\BinaryThresholdSliceFilter.h">
      <Filter>Header Files</Filter>
    </ClInclude>
    <ClInclude Include="C:\thesis\repo\MUKNO\include\MukAlgorithms\GaussianSliceFilter.h">
      <Filter>Header Files</Filter>
    </ClInclude>
    <ClInclude Include="C:\thesis\repo\MUKNO\include\MukAlgorithms\WatershedSliceFilter.h">
      <Filter>Header Files</Filter>
    </ClInclude>
    <ClInclude Include="C:\thesis\repo\MUKNO\include\MukAlgorithms\SliceImageReader.h">
      <Filter>Header Files</Filter>
    </ClInclude>
    <ClInclude Include="C:\thesis\repo\MUKNO\include\MukAlgorithms\MedianSliceImageFilter.h">
      <Filter>Header Files</Filter>
    </ClInclude>
    <ClInclude Include="C:\thesis\repo\MUKNO\include\MukAlgorithms\FloatSliceImageToSliceImageFilter.h">
      <Filter>Header Files</Filter>
    </ClInclude>
  </ItemGroup>
  <ItemGroup>
    <CustomBuild Include="C:\thesis\repo\MUKNO\src\MukAlgorithms\CMakeLists.txt" />
  </ItemGroup>
  <ItemGroup>
    <None Include="C:\thesis\repo\MUKNO\include\MukAlgorithms\private\muk.pch">
      <Filter>Header Files\private</Filter>
    </None>
  </ItemGroup>
  <ItemGroup>
    <ResourceCompile Include="C:\thesis\build\x64\release\MUKNO2-gris\src\MukAlgorithms\resource.rc">
      <Filter>Source Files</Filter>
    </ResourceCompile>
  </ItemGroup>
  <ItemGroup>
    <Filter Include="Header Files">
      <UniqueIdentifier>{B91584B3-1609-3B15-BF65-B42A0C25FA4D}</UniqueIdentifier>
    </Filter>
    <Filter Include="Header Files\private">
      <UniqueIdentifier>{2264B8B5-CEEB-3D67-BE09-A72C5D788801}</UniqueIdentifier>
    </Filter>
    <Filter Include="Source Files">
      <UniqueIdentifier>{CB068447-E40E-3315-86BB-47FF2D613851}</UniqueIdentifier>
    </Filter>
  </ItemGroup>
</Project>
