<?xml version="1.0" encoding="utf-8"?>
<Project ToolsVersion="14.0" xmlns="http://schemas.microsoft.com/developer/msbuild/2003">
  <ItemGroup>
    <ClCompile Include="C:\thesis\repo\MUKNO\src\MukCommon\Bounds.cpp">
      <Filter>Source Files</Filter>
    </ClCompile>
    <ClCompile Include="C:\thesis\repo\MUKNO\src\MukCommon\CalibrationFactory.cpp">
      <Filter>Source Files</Filter>
    </ClCompile>
    <ClCompile Include="C:\thesis\repo\MUKNO\src\MukCommon\CalibrationStateMachine.cpp">
      <Filter>Source Files</Filter>
    </ClCompile>
    <ClCompile Include="C:\thesis\repo\MUKNO\src\MukCommon\CollisionDetectorKdTree.cpp">
      <Filter>Source Files</Filter>
    </ClCompile>
    <ClCompile Include="C:\thesis\repo\MUKNO\src\MukCommon\EvaluationFactory.cpp">
      <Filter>Source Files</Filter>
    </ClCompile>
    <ClCompile Include="C:\thesis\repo\MUKNO\src\MukCommon\geometry.cpp">
      <Filter>Source Files</Filter>
    </ClCompile>
    <ClCompile Include="C:\thesis\repo\MUKNO\src\MukCommon\gris_property_streams.cpp">
      <Filter>Source Files</Filter>
    </ClCompile>
    <ClCompile Include="C:\thesis\repo\MUKNO\src\MukCommon\IBounds.cpp">
      <Filter>Source Files</Filter>
    </ClCompile>
    <ClCompile Include="C:\thesis\repo\MUKNO\src\MukCommon\IInterpolator.cpp">
      <Filter>Source Files</Filter>
    </ClCompile>
    <ClCompile Include="C:\thesis\repo\MUKNO\src\MukCommon\IMukEvaluation.cpp">
      <Filter>Source Files</Filter>
    </ClCompile>
    <ClCompile Include="C:\thesis\repo\MUKNO\src\MukCommon\INavigator.cpp">
      <Filter>Source Files</Filter>
    </ClCompile>
    <ClCompile Include="C:\thesis\repo\MUKNO\src\MukCommon\InterpolatorFactory.cpp">
      <Filter>Source Files</Filter>
    </ClCompile>
    <ClCompile Include="C:\thesis\repo\MUKNO\src\MukCommon\IPathOptimizer.cpp">
      <Filter>Source Files</Filter>
    </ClCompile>
    <ClCompile Include="C:\thesis\repo\MUKNO\src\MukCommon\IPathPlanner.cpp">
      <Filter>Source Files</Filter>
    </ClCompile>
    <ClCompile Include="C:\thesis\repo\MUKNO\src\MukCommon\IStateRegion.cpp">
      <Filter>Source Files</Filter>
    </ClCompile>
    <ClCompile Include="C:\thesis\repo\MUKNO\src\MukCommon\LocaleBool.cpp">
      <Filter>Source Files</Filter>
    </ClCompile>
    <ClCompile Include="C:\thesis\repo\MUKNO\src\MukCommon\LoggerWrapper.cpp">
      <Filter>Source Files</Filter>
    </ClCompile>
    <ClCompile Include="C:\thesis\repo\MUKNO\src\MukCommon\LieGroupSE3.cpp">
      <Filter>Source Files</Filter>
    </ClCompile>
    <ClCompile Include="C:\thesis\repo\MUKNO\src\MukCommon\MukException.cpp">
      <Filter>Source Files</Filter>
    </ClCompile>
    <ClCompile Include="C:\thesis\repo\MUKNO\src\MukCommon\mukIO.cpp">
      <Filter>Source Files</Filter>
    </ClCompile>
    <ClCompile Include="C:\thesis\repo\MUKNO\src\MukCommon\mukItkIO.cpp">
      <Filter>Source Files</Filter>
    </ClCompile>
    <ClCompile Include="C:\thesis\repo\MUKNO\src\MukCommon\MukObstacle.cpp">
      <Filter>Source Files</Filter>
    </ClCompile>
    <ClCompile Include="C:\thesis\repo\MUKNO\src\MukCommon\MukPath.cpp">
      <Filter>Source Files</Filter>
    </ClCompile>
    <ClCompile Include="C:\thesis\repo\MUKNO\src\MukCommon\MukPathGraph.cpp">
      <Filter>Source Files</Filter>
    </ClCompile>
    <ClCompile Include="C:\thesis\repo\MUKNO\src\MukCommon\MukProblemDefinition.cpp">
      <Filter>Source Files</Filter>
    </ClCompile>
    <ClCompile Include="C:\thesis\repo\MUKNO\src\MukCommon\MukScene.cpp">
      <Filter>Source Files</Filter>
    </ClCompile>
    <ClCompile Include="C:\thesis\repo\MUKNO\src\MukCommon\MukSceneLegacyIO.cpp">
      <Filter>Source Files</Filter>
    </ClCompile>
    <ClCompile Include="C:\thesis\repo\MUKNO\src\MukCommon\MukState.cpp">
      <Filter>Source Files</Filter>
    </ClCompile>
    <ClCompile Include="C:\thesis\repo\MUKNO\src\MukCommon\MukStateRegion.cpp">
      <Filter>Source Files</Filter>
    </ClCompile>
    <ClCompile Include="C:\thesis\repo\MUKNO\src\MukCommon\MukStringToolkit.cpp">
      <Filter>Source Files</Filter>
    </ClCompile>
    <ClCompile Include="C:\thesis\repo\MUKNO\src\MukCommon\MukTransform.cpp">
      <Filter>Source Files</Filter>
    </ClCompile>
    <ClCompile Include="C:\thesis\repo\MUKNO\src\MukCommon\MultiPortStateRegion.cpp">
      <Filter>Source Files</Filter>
    </ClCompile>
    <ClCompile Include="C:\thesis\repo\MUKNO\src\MukCommon\NavigatorFactory.cpp">
      <Filter>Source Files</Filter>
    </ClCompile>
    <ClCompile Include="C:\thesis\repo\MUKNO\src\MukCommon\OptimizerFactory.cpp">
      <Filter>Source Files</Filter>
    </ClCompile>
    <ClCompile Include="C:\thesis\repo\MUKNO\src\MukCommon\PathCollection.cpp">
      <Filter>Source Files</Filter>
    </ClCompile>
    <ClCompile Include="C:\thesis\repo\MUKNO\src\MukCommon\PlannerFactory.cpp">
      <Filter>Source Files</Filter>
    </ClCompile>
    <ClCompile Include="C:\thesis\repo\MUKNO\src\MukCommon\PlaneStateRegion.cpp">
      <Filter>Source Files</Filter>
    </ClCompile>
    <ClCompile Include="C:\thesis\repo\MUKNO\src\MukCommon\polygon_3d_tools.cpp">
      <Filter>Source Files</Filter>
    </ClCompile>
    <ClCompile Include="C:\thesis\repo\MUKNO\src\MukCommon\PoseMatrix.cpp">
      <Filter>Source Files</Filter>
    </ClCompile>
    <ClCompile Include="C:\thesis\repo\MUKNO\src\MukCommon\PoseVector.cpp">
      <Filter>Source Files</Filter>
    </ClCompile>
    <ClCompile Include="C:\thesis\repo\MUKNO\src\MukCommon\Quaternion.cpp">
      <Filter>Source Files</Filter>
    </ClCompile>
    <ClCompile Include="C:\thesis\repo\MUKNO\src\MukCommon\StateRegionFactory.cpp">
      <Filter>Source Files</Filter>
    </ClCompile>
    <ClCompile Include="C:\thesis\repo\MUKNO\src\MukCommon\StateRegionSingleDirection.cpp">
      <Filter>Source Files</Filter>
    </ClCompile>
    <ClCompile Include="C:\thesis\repo\MUKNO\src\MukCommon\StateSamplerData.cpp">
      <Filter>Source Files</Filter>
    </ClCompile>
    <ClCompile Include="C:\thesis\repo\MUKNO\src\MukCommon\StreamReader.cpp">
      <Filter>Source Files</Filter>
    </ClCompile>
    <ClCompile Include="C:\thesis\repo\MUKNO\src\MukCommon\SurfaceStateRegion.cpp">
      <Filter>Source Files</Filter>
    </ClCompile>
    <ClCompile Include="C:\thesis\repo\MUKNO\src\MukCommon\SystemCalibration.cpp">
      <Filter>Source Files</Filter>
    </ClCompile>
    <ClCompile Include="C:\thesis\repo\MUKNO\src\MukCommon\TimerOwner.cpp">
      <Filter>Source Files</Filter>
    </ClCompile>
    <ClCompile Include="C:\thesis\repo\MUKNO\src\MukCommon\TwistMatrix.cpp">
      <Filter>Source Files</Filter>
    </ClCompile>
    <ClCompile Include="C:\thesis\repo\MUKNO\src\MukCommon\TwistVector.cpp">
      <Filter>Source Files</Filter>
    </ClCompile>
    <ClCompile Include="C:\thesis\repo\MUKNO\src\MukCommon\version.cpp">
      <Filter>Source Files</Filter>
    </ClCompile>
    <ClCompile Include="C:\thesis\repo\MUKNO\src\MukCommon\Waypoints.cpp">
      <Filter>Source Files</Filter>
    </ClCompile>
  </ItemGroup>
  <ItemGroup>
    <ClInclude Include="C:\thesis\repo\MUKNO\include\MukCommon\Bounds.h">
      <Filter>Header Files</Filter>
    </ClInclude>
    <ClInclude Include="C:\thesis\repo\MUKNO\include\MukCommon\CalibrationFactory.h">
      <Filter>Header Files</Filter>
    </ClInclude>
    <ClInclude Include="C:\thesis\repo\MUKNO\include\MukCommon\CalibrationStateMachine.h">
      <Filter>Header Files</Filter>
    </ClInclude>
    <ClInclude Include="C:\thesis\repo\MUKNO\include\MukCommon\CollisionDetectorKdTree.h">
      <Filter>Header Files</Filter>
    </ClInclude>
    <ClInclude Include="C:\thesis\repo\MUKNO\include\MukCommon\EvaluationFactory.h">
      <Filter>Header Files</Filter>
    </ClInclude>
    <ClInclude Include="C:\thesis\repo\MUKNO\include\MukCommon\geometry.h">
      <Filter>Header Files</Filter>
    </ClInclude>
    <ClInclude Include="C:\thesis\repo\MUKNO\include\MukCommon\gris_math.h">
      <Filter>Header Files</Filter>
    </ClInclude>
    <ClInclude Include="C:\thesis\repo\MUKNO\include\MukCommon\gris_property_streams.h">
      <Filter>Header Files</Filter>
    </ClInclude>
    <ClInclude Include="C:\thesis\repo\MUKNO\include\MukCommon\gris_property_tools.h">
      <Filter>Header Files</Filter>
    </ClInclude>
    <ClInclude Include="C:\thesis\repo\MUKNO\include\MukCommon\Matrix.h">
      <Filter>Header Files</Filter>
    </ClInclude>
    <ClInclude Include="C:\thesis\repo\MUKNO\include\MukCommon\mukItkIO.h">
      <Filter>Header Files</Filter>
    </ClInclude>
    <ClInclude Include="C:\thesis\repo\MUKNO\include\MukCommon\IAbstractFactory.h">
      <Filter>Header Files</Filter>
    </ClInclude>
    <ClInclude Include="C:\thesis\repo\MUKNO\include\MukCommon\IBounds.h">
      <Filter>Header Files</Filter>
    </ClInclude>
    <ClInclude Include="C:\thesis\repo\MUKNO\include\MukCommon\ICollisionDetector.h">
      <Filter>Header Files</Filter>
    </ClInclude>
    <ClInclude Include="C:\thesis\repo\MUKNO\include\MukCommon\IInterpolator.h">
      <Filter>Header Files</Filter>
    </ClInclude>
    <ClInclude Include="C:\thesis\repo\MUKNO\include\MukCommon\IMukEvaluation.h">
      <Filter>Header Files</Filter>
    </ClInclude>
    <ClInclude Include="C:\thesis\repo\MUKNO\include\MukCommon\INavigator.h">
      <Filter>Header Files</Filter>
    </ClInclude>
    <ClInclude Include="C:\thesis\repo\MUKNO\include\MukCommon\INavigationContainer.h">
      <Filter>Header Files</Filter>
    </ClInclude>
    <ClInclude Include="C:\thesis\repo\MUKNO\include\MukCommon\INavigationSupervisor.h">
      <Filter>Header Files</Filter>
    </ClInclude>
    <ClInclude Include="C:\thesis\repo\MUKNO\include\MukCommon\InterpolatorFactory.h">
      <Filter>Header Files</Filter>
    </ClInclude>
    <ClInclude Include="C:\thesis\repo\MUKNO\include\MukCommon\IPathOptimizer.h">
      <Filter>Header Files</Filter>
    </ClInclude>
    <ClInclude Include="C:\thesis\repo\MUKNO\include\MukCommon\IPathPlanner.h">
      <Filter>Header Files</Filter>
    </ClInclude>
    <ClInclude Include="C:\thesis\repo\MUKNO\include\MukCommon\IStateRegion.h">
      <Filter>Header Files</Filter>
    </ClInclude>
    <ClInclude Include="C:\thesis\repo\MUKNO\include\MukCommon\LoggerWrapper.h">
      <Filter>Header Files</Filter>
    </ClInclude>
    <ClInclude Include="C:\thesis\repo\MUKNO\include\MukCommon\LieGroupSE3.h">
      <Filter>Header Files</Filter>
    </ClInclude>
    <ClInclude Include="C:\thesis\repo\MUKNO\include\MukCommon\LocaleBool.h">
      <Filter>Header Files</Filter>
    </ClInclude>
    <ClInclude Include="C:\thesis\repo\MUKNO\include\MukCommon\muk_common_api.h">
      <Filter>Header Files</Filter>
    </ClInclude>
    <ClInclude Include="C:\thesis\repo\MUKNO\include\MukCommon\muk_common.h">
      <Filter>Header Files</Filter>
    </ClInclude>
    <ClInclude Include="C:\thesis\repo\MUKNO\include\MukCommon\muk_dynamic_property_tools.h">
      <Filter>Header Files</Filter>
    </ClInclude>
    <ClInclude Include="C:\thesis\repo\MUKNO\include\MukCommon\muk_eigen_helper.h">
      <Filter>Header Files</Filter>
    </ClInclude>
    <ClInclude Include="C:\thesis\repo\MUKNO\include\MukCommon\MukException.h">
      <Filter>Header Files</Filter>
    </ClInclude>
    <ClInclude Include="C:\thesis\repo\MUKNO\include\MukCommon\mukIO.h">
      <Filter>Header Files</Filter>
    </ClInclude>
    <ClInclude Include="C:\thesis\repo\MUKNO\include\MukCommon\MukObstacle.h">
      <Filter>Header Files</Filter>
    </ClInclude>
    <ClInclude Include="C:\thesis\repo\MUKNO\include\MukCommon\MukPath.h">
      <Filter>Header Files</Filter>
    </ClInclude>
    <ClInclude Include="C:\thesis\repo\MUKNO\include\MukCommon\MukPathGraph.h">
      <Filter>Header Files</Filter>
    </ClInclude>
    <ClInclude Include="C:\thesis\repo\MUKNO\include\MukCommon\MukProblemDefinition.h">
      <Filter>Header Files</Filter>
    </ClInclude>
    <ClInclude Include="C:\thesis\repo\MUKNO\include\MukCommon\MukScene.h">
      <Filter>Header Files</Filter>
    </ClInclude>
    <ClInclude Include="C:\thesis\repo\MUKNO\include\MukCommon\MukState.h">
      <Filter>Header Files</Filter>
    </ClInclude>
    <ClInclude Include="C:\thesis\repo\MUKNO\include\MukCommon\MukStateRegion.h">
      <Filter>Header Files</Filter>
    </ClInclude>
    <ClInclude Include="C:\thesis\repo\MUKNO\include\MukCommon\MukTransform.h">
      <Filter>Header Files</Filter>
    </ClInclude>
    <ClInclude Include="C:\thesis\repo\MUKNO\include\MukCommon\MukStringToolkit.h">
      <Filter>Header Files</Filter>
    </ClInclude>
    <ClInclude Include="C:\thesis\repo\MUKNO\include\MukCommon\MukVector.h">
      <Filter>Header Files</Filter>
    </ClInclude>
    <ClInclude Include="C:\thesis\repo\MUKNO\include\MukCommon\MultiPortStateRegion.h">
      <Filter>Header Files</Filter>
    </ClInclude>
    <ClInclude Include="C:\thesis\repo\MUKNO\include\MukCommon\NavigatorFactory.h">
      <Filter>Header Files</Filter>
    </ClInclude>
    <ClInclude Include="C:\thesis\repo\MUKNO\include\MukCommon\NewtonRaphsonMethod.h">
      <Filter>Header Files</Filter>
    </ClInclude>
    <ClInclude Include="C:\thesis\repo\MUKNO\include\MukCommon\NewtonRaphsonMethod.hxx">
      <Filter>Header Files</Filter>
    </ClInclude>
    <ClInclude Include="C:\thesis\repo\MUKNO\include\MukCommon\OptimizerFactory.h">
      <Filter>Header Files</Filter>
    </ClInclude>
    <ClInclude Include="C:\thesis\repo\MUKNO\include\MukCommon\overload_deduction.h">
      <Filter>Header Files</Filter>
    </ClInclude>
    <ClInclude Include="C:\thesis\repo\MUKNO\include\MukCommon\PathCollection.h">
      <Filter>Header Files</Filter>
    </ClInclude>
    <ClInclude Include="C:\thesis\repo\MUKNO\include\MukCommon\PlannerFactory.h">
      <Filter>Header Files</Filter>
    </ClInclude>
    <ClInclude Include="C:\thesis\repo\MUKNO\include\MukCommon\PlaneStateRegion.h">
      <Filter>Header Files</Filter>
    </ClInclude>
    <ClInclude Include="C:\thesis\repo\MUKNO\include\MukCommon\polygon_3d_tools.h">
      <Filter>Header Files</Filter>
    </ClInclude>
    <ClInclude Include="C:\thesis\repo\MUKNO\include\MukCommon\PoseMatrix.h">
      <Filter>Header Files</Filter>
    </ClInclude>
    <ClInclude Include="C:\thesis\repo\MUKNO\include\MukCommon\PoseVector.h">
      <Filter>Header Files</Filter>
    </ClInclude>
    <ClInclude Include="C:\thesis\repo\MUKNO\include\MukCommon\Quaternion.h">
      <Filter>Header Files</Filter>
    </ClInclude>
    <ClInclude Include="C:\thesis\repo\MUKNO\include\MukCommon\StateRegionFactory.h">
      <Filter>Header Files</Filter>
    </ClInclude>
    <ClInclude Include="C:\thesis\repo\MUKNO\include\MukCommon\StateRegionSingleDirection.h">
      <Filter>Header Files</Filter>
    </ClInclude>
    <ClInclude Include="C:\thesis\repo\MUKNO\include\MukCommon\StateSamplerData.h">
      <Filter>Header Files</Filter>
    </ClInclude>
    <ClInclude Include="C:\thesis\repo\MUKNO\include\MukCommon\StaticMatrix.h">
      <Filter>Header Files</Filter>
    </ClInclude>
    <ClInclude Include="C:\thesis\repo\MUKNO\include\MukCommon\StreamReader.h">
      <Filter>Header Files</Filter>
    </ClInclude>
    <ClInclude Include="C:\thesis\repo\MUKNO\include\MukCommon\SurfaceStateRegion.h">
      <Filter>Header Files</Filter>
    </ClInclude>
    <ClInclude Include="C:\thesis\repo\MUKNO\include\MukCommon\SystemCalibration.h">
      <Filter>Header Files</Filter>
    </ClInclude>
    <ClInclude Include="C:\thesis\repo\MUKNO\include\MukCommon\TimerOwner.h">
      <Filter>Header Files</Filter>
    </ClInclude>
    <ClInclude Include="C:\thesis\repo\MUKNO\include\MukCommon\TwistMatrix.h">
      <Filter>Header Files</Filter>
    </ClInclude>
    <ClInclude Include="C:\thesis\repo\MUKNO\include\MukCommon\TwistVector.h">
      <Filter>Header Files</Filter>
    </ClInclude>
    <ClInclude Include="C:\thesis\repo\MUKNO\include\MukCommon\version.h">
      <Filter>Header Files</Filter>
    </ClInclude>
    <ClInclude Include="C:\thesis\repo\MUKNO\include\MukCommon\vtk_tools.h">
      <Filter>Header Files</Filter>
    </ClInclude>
    <ClInclude Include="C:\thesis\repo\MUKNO\include\MukCommon\Waypoints.h">
      <Filter>Header Files</Filter>
    </ClInclude>
    <ClInclude Include="C:\thesis\repo\MUKNO\include\MukCommon\Typedefs.h">
      <Filter>Header Files</Filter>
    </ClInclude>
    <ClInclude Include="C:\thesis\repo\MUKNO\include\MukCommon\private\MukSceneLegacyIO.h">
      <Filter>Header Files\private</Filter>
    </ClInclude>
    <ClInclude Include="C:\thesis\repo\MUKNO\src\MukCommon\resource.h">
      <Filter>Resources</Filter>
    </ClInclude>
  </ItemGroup>
  <ItemGroup>
    <CustomBuild Include="C:\thesis\repo\MUKNO\src\MukCommon\CMakeLists.txt" />
  </ItemGroup>
  <ItemGroup>
    <None Include="C:\thesis\repo\MUKNO\include\MukCommon\private\muk.pch">
      <Filter>Header Files\private</Filter>
    </None>
  </ItemGroup>
  <ItemGroup>
    <ResourceCompile Include="C:\thesis\build\x64\release\MUKNO2-gris\src\MukCommon\resource.rc">
      <Filter>Resources</Filter>
    </ResourceCompile>
  </ItemGroup>
  <ItemGroup>
    <Filter Include="Header Files">
      <UniqueIdentifier>{B91584B3-1609-3B15-BF65-B42A0C25FA4D}</UniqueIdentifier>
    </Filter>
    <Filter Include="Header Files\private">
      <UniqueIdentifier>{2264B8B5-CEEB-3D67-BE09-A72C5D788801}</UniqueIdentifier>
    </Filter>
    <Filter Include="Resources">
      <UniqueIdentifier>{5F74F8B5-42C2-3143-908A-56ABFBD0B52B}</UniqueIdentifier>
    </Filter>
    <Filter Include="Source Files">
      <UniqueIdentifier>{CB068447-E40E-3315-86BB-47FF2D613851}</UniqueIdentifier>
    </Filter>
  </ItemGroup>
</Project>
