<?xml version="1.0" encoding="utf-8"?>
<Project ToolsVersion="14.0" xmlns="http://schemas.microsoft.com/developer/msbuild/2003">
  <ItemGroup>
    <ClCompile Include="C:\thesis\repo\MUKNO\src\MukVisualization\ArrowTrajectory.cpp">
      <Filter>Source Files</Filter>
    </ClCompile>
    <ClCompile Include="C:\thesis\repo\MUKNO\src\MukVisualization\BasicVisualization.cpp">
      <Filter>Source Files</Filter>
    </ClCompile>
    <ClCompile Include="C:\thesis\repo\MUKNO\src\MukVisualization\CameraConfiguration.cpp">
      <Filter>Source Files</Filter>
    </ClCompile>
    <ClCompile Include="C:\thesis\repo\MUKNO\src\MukVisualization\Cursor3DRepresentation.cpp">
      <Filter>Source Files</Filter>
    </ClCompile>
    <ClCompile Include="C:\thesis\repo\MUKNO\src\MukVisualization\Cursor3DWidget.cpp">
      <Filter>Source Files</Filter>
    </ClCompile>
    <ClCompile Include="C:\thesis\repo\MUKNO\src\MukVisualization\IVisRobot.cpp">
      <Filter>Source Files</Filter>
    </ClCompile>
    <ClCompile Include="C:\thesis\repo\MUKNO\src\MukVisualization\muk_colors.cpp">
      <Filter>Source Files</Filter>
    </ClCompile>
    <ClCompile Include="C:\thesis\repo\MUKNO\src\MukVisualization\MukRobotSource.cpp">
      <Filter>Source Files</Filter>
    </ClCompile>
    <ClCompile Include="C:\thesis\repo\MUKNO\src\MukVisualization\MukVtkAxesActor.cpp">
      <Filter>Source Files</Filter>
    </ClCompile>
    <ClCompile Include="C:\thesis\repo\MUKNO\src\MukVisualization\MultiPortSphereRegionRepresentation.cpp">
      <Filter>Source Files</Filter>
    </ClCompile>
    <ClCompile Include="C:\thesis\repo\MUKNO\src\MukVisualization\PlaneRegionRepresentation.cpp">
      <Filter>Source Files</Filter>
    </ClCompile>
    <ClCompile Include="C:\thesis\repo\MUKNO\src\MukVisualization\PlaneRegionWidget.cpp">
      <Filter>Source Files</Filter>
    </ClCompile>
    <ClCompile Include="C:\thesis\repo\MUKNO\src\MukVisualization\PolyDataHandler.cpp">
      <Filter>Source Files</Filter>
    </ClCompile>
    <ClCompile Include="C:\thesis\repo\MUKNO\src\MukVisualization\PolyDataMapperHandler.cpp">
      <Filter>Source Files</Filter>
    </ClCompile>
    <ClCompile Include="C:\thesis\repo\MUKNO\src\MukVisualization\ROIRepresentation.cpp">
      <Filter>Source Files</Filter>
    </ClCompile>
    <ClCompile Include="C:\thesis\repo\MUKNO\src\MukVisualization\ROISynchronizer.cpp">
      <Filter>Source Files</Filter>
    </ClCompile>
    <ClCompile Include="C:\thesis\repo\MUKNO\src\MukVisualization\ROIWidget.cpp">
      <Filter>Source Files</Filter>
    </ClCompile>
    <ClCompile Include="C:\thesis\repo\MUKNO\src\MukVisualization\SliceInteractorStyle.cpp">
      <Filter>Source Files</Filter>
    </ClCompile>
    <ClCompile Include="C:\thesis\repo\MUKNO\src\MukVisualization\SliceRenderGroup.cpp">
      <Filter>Source Files</Filter>
    </ClCompile>
    <ClCompile Include="C:\thesis\repo\MUKNO\src\MukVisualization\SphereRegionRepresentation.cpp">
      <Filter>Source Files</Filter>
    </ClCompile>
    <ClCompile Include="C:\thesis\repo\MUKNO\src\MukVisualization\SphereRegionWidget.cpp">
      <Filter>Source Files</Filter>
    </ClCompile>
    <ClCompile Include="C:\thesis\repo\MUKNO\src\MukVisualization\SurfaceRegionRepresentation.cpp">
      <Filter>Source Files</Filter>
    </ClCompile>
    <ClCompile Include="C:\thesis\repo\MUKNO\src\MukVisualization\SurfaceRegionWidget.cpp">
      <Filter>Source Files</Filter>
    </ClCompile>
    <ClCompile Include="C:\thesis\repo\MUKNO\src\MukVisualization\Vis3dPlane.cpp">
      <Filter>Source Files</Filter>
    </ClCompile>
    <ClCompile Include="C:\thesis\repo\MUKNO\src\MukVisualization\VisAbstractObject.cpp">
      <Filter>Source Files</Filter>
    </ClCompile>
    <ClCompile Include="C:\thesis\repo\MUKNO\src\MukVisualization\VisAxes.cpp">
      <Filter>Source Files</Filter>
    </ClCompile>
    <ClCompile Include="C:\thesis\repo\MUKNO\src\MukVisualization\VisBounds.cpp">
      <Filter>Source Files</Filter>
    </ClCompile>
    <ClCompile Include="C:\thesis\repo\MUKNO\src\MukVisualization\VisCoordinateSystem.cpp">
      <Filter>Source Files</Filter>
    </ClCompile>
    <ClCompile Include="C:\thesis\repo\MUKNO\src\MukVisualization\VisCoordinateSystemCollection.cpp">
      <Filter>Source Files</Filter>
    </ClCompile>
    <ClCompile Include="C:\thesis\repo\MUKNO\src\MukVisualization\VisCursor3D.cpp">
      <Filter>Source Files</Filter>
    </ClCompile>
    <ClCompile Include="C:\thesis\repo\MUKNO\src\MukVisualization\VisDistanceLine.cpp">
      <Filter>Source Files</Filter>
    </ClCompile>
    <ClCompile Include="C:\thesis\repo\MUKNO\src\MukVisualization\VisImageOverlay.cpp">
      <Filter>Source Files</Filter>
    </ClCompile>
    <ClCompile Include="C:\thesis\repo\MUKNO\src\MukVisualization\VisMukPathGraph.cpp">
      <Filter>Source Files</Filter>
    </ClCompile>
    <ClCompile Include="C:\thesis\repo\MUKNO\src\MukVisualization\VisMukPath.cpp">
      <Filter>Source Files</Filter>
    </ClCompile>
    <ClCompile Include="C:\thesis\repo\MUKNO\src\MukVisualization\VisMukProblemDefinition.cpp">
      <Filter>Source Files</Filter>
    </ClCompile>
    <ClCompile Include="C:\thesis\repo\MUKNO\src\MukVisualization\VisMukRobotSource.cpp">
      <Filter>Source Files</Filter>
    </ClCompile>
    <ClCompile Include="C:\thesis\repo\MUKNO\src\MukVisualization\VisMultiPortSphereRegion.cpp">
      <Filter>Source Files</Filter>
    </ClCompile>
    <ClCompile Include="C:\thesis\repo\MUKNO\src\MukVisualization\VisObstacle.cpp">
      <Filter>Source Files</Filter>
    </ClCompile>
    <ClCompile Include="C:\thesis\repo\MUKNO\src\MukVisualization\VisPathCollection.cpp">
      <Filter>Source Files</Filter>
    </ClCompile>
    <ClCompile Include="C:\thesis\repo\MUKNO\src\MukVisualization\VisPlaneRegion.cpp">
      <Filter>Source Files</Filter>
    </ClCompile>
    <ClCompile Include="C:\thesis\repo\MUKNO\src\MukVisualization\VisPreliminaryTestRobot.cpp">
      <Filter>Source Files</Filter>
    </ClCompile>
    <ClCompile Include="C:\thesis\repo\MUKNO\src\MukVisualization\VisScaleableObject.cpp">
      <Filter>Source Files</Filter>
    </ClCompile>
    <ClCompile Include="C:\thesis\repo\MUKNO\src\MukVisualization\VisScene.cpp">
      <Filter>Source Files</Filter>
    </ClCompile>
    <ClCompile Include="C:\thesis\repo\MUKNO\src\MukVisualization\VisSE3Trajectory.cpp">
      <Filter>Source Files</Filter>
    </ClCompile>
    <ClCompile Include="C:\thesis\repo\MUKNO\src\MukVisualization\VisSphereRegion.cpp">
      <Filter>Source Files</Filter>
    </ClCompile>
    <ClCompile Include="C:\thesis\repo\MUKNO\src\MukVisualization\VisStateRegion.cpp">
      <Filter>Source Files</Filter>
    </ClCompile>
    <ClCompile Include="C:\thesis\repo\MUKNO\src\MukVisualization\VisStateRegionFactory.cpp">
      <Filter>Source Files</Filter>
    </ClCompile>
    <ClCompile Include="C:\thesis\repo\MUKNO\src\MukVisualization\VisSurfaceRegion.cpp">
      <Filter>Source Files</Filter>
    </ClCompile>
    <ClCompile Include="C:\thesis\repo\MUKNO\src\MukVisualization\VisTimeDelays.cpp">
      <Filter>Source Files</Filter>
    </ClCompile>
    <ClCompile Include="C:\thesis\repo\MUKNO\src\MukVisualization\VisTrajectory.cpp">
      <Filter>Source Files</Filter>
    </ClCompile>
    <ClCompile Include="C:\thesis\repo\MUKNO\src\MukVisualization\visualization_tools.cpp">
      <Filter>Source Files</Filter>
    </ClCompile>
    <ClCompile Include="C:\thesis\repo\MUKNO\src\MukVisualization\VisualObject.cpp">
      <Filter>Source Files</Filter>
    </ClCompile>
    <ClCompile Include="C:\thesis\repo\MUKNO\src\MukVisualization\VisualProp.cpp">
      <Filter>Source Files</Filter>
    </ClCompile>
    <ClCompile Include="C:\thesis\repo\MUKNO\src\MukVisualization\VisVector.cpp">
      <Filter>Source Files</Filter>
    </ClCompile>
    <ClCompile Include="C:\thesis\repo\MUKNO\src\MukVisualization\VisWaypoints.cpp">
      <Filter>Source Files</Filter>
    </ClCompile>
    <ClCompile Include="C:\thesis\repo\MUKNO\src\MukVisualization\ArrowMaker.cpp">
      <Filter>Source Files</Filter>
    </ClCompile>
    <ClCompile Include="C:\thesis\repo\MUKNO\src\MukVisualization\ImageOverlayCallback.cpp">
      <Filter>Source Files</Filter>
    </ClCompile>
    <ClCompile Include="C:\thesis\repo\MUKNO\src\MukVisualization\muk.cpp">
      <Filter>Source Files</Filter>
    </ClCompile>
    <ClCompile Include="C:\thesis\repo\MUKNO\src\MukVisualization\SurfaceRegionRepresentationCallback.cpp">
      <Filter>Source Files</Filter>
    </ClCompile>
    <ClCompile Include="C:\thesis\repo\MUKNO\src\MukVisualization\VisSceneLegacyIO.cpp">
      <Filter>Source Files</Filter>
    </ClCompile>
  </ItemGroup>
  <ItemGroup>
    <ClInclude Include="C:\thesis\repo\MUKNO\include\MukVisualization\private\ArrowMaker.h">
      <Filter>Header Files\private</Filter>
    </ClInclude>
    <ClInclude Include="C:\thesis\repo\MUKNO\include\MukVisualization\private\ImageOverlayCallback.h">
      <Filter>Header Files\private</Filter>
    </ClInclude>
    <ClInclude Include="C:\thesis\repo\MUKNO\include\MukVisualization\private\SurfaceRegionRepresentationCallback.h">
      <Filter>Header Files\private</Filter>
    </ClInclude>
    <ClInclude Include="C:\thesis\repo\MUKNO\include\MukVisualization\private\VisSceneLegacyIO.h">
      <Filter>Header Files\private</Filter>
    </ClInclude>
    <ClInclude Include="C:\thesis\repo\MUKNO\include\MukVisualization\ArrowTrajectory.h">
      <Filter>Header Files</Filter>
    </ClInclude>
    <ClInclude Include="C:\thesis\repo\MUKNO\include\MukVisualization\BasicVisualization.h">
      <Filter>Header Files</Filter>
    </ClInclude>
    <ClInclude Include="C:\thesis\repo\MUKNO\include\MukVisualization\CameraConfiguration.h">
      <Filter>Header Files</Filter>
    </ClInclude>
    <ClInclude Include="C:\thesis\repo\MUKNO\include\MukVisualization\Cursor3DRepresentation.h">
      <Filter>Header Files</Filter>
    </ClInclude>
    <ClInclude Include="C:\thesis\repo\MUKNO\include\MukVisualization\Cursor3DWidget.h">
      <Filter>Header Files</Filter>
    </ClInclude>
    <ClInclude Include="C:\thesis\repo\MUKNO\include\MukVisualization\IVisRobot.h">
      <Filter>Header Files</Filter>
    </ClInclude>
    <ClInclude Include="C:\thesis\repo\MUKNO\include\MukVisualization\muk_colors.h">
      <Filter>Header Files</Filter>
    </ClInclude>
    <ClInclude Include="C:\thesis\repo\MUKNO\include\MukVisualization\muk_visualization_api.h">
      <Filter>Header Files</Filter>
    </ClInclude>
    <ClInclude Include="C:\thesis\repo\MUKNO\include\MukVisualization\MukRobotSource.h">
      <Filter>Header Files</Filter>
    </ClInclude>
    <ClInclude Include="C:\thesis\repo\MUKNO\include\MukVisualization\PlaneRegionRepresentation.h">
      <Filter>Header Files</Filter>
    </ClInclude>
    <ClInclude Include="C:\thesis\repo\MUKNO\include\MukVisualization\PlaneRegionWidget.h">
      <Filter>Header Files</Filter>
    </ClInclude>
    <ClInclude Include="C:\thesis\repo\MUKNO\include\MukVisualization\PolyDataHandler.h">
      <Filter>Header Files</Filter>
    </ClInclude>
    <ClInclude Include="C:\thesis\repo\MUKNO\include\MukVisualization\PolyDataMapperHandler.h">
      <Filter>Header Files</Filter>
    </ClInclude>
    <ClInclude Include="C:\thesis\repo\MUKNO\include\MukVisualization\ROIRepresentation.h">
      <Filter>Header Files</Filter>
    </ClInclude>
    <ClInclude Include="C:\thesis\repo\MUKNO\include\MukVisualization\ROISynchronizer.h">
      <Filter>Header Files</Filter>
    </ClInclude>
    <ClInclude Include="C:\thesis\repo\MUKNO\include\MukVisualization\ROIWidget.h">
      <Filter>Header Files</Filter>
    </ClInclude>
    <ClInclude Include="C:\thesis\repo\MUKNO\include\MukVisualization\SliceInteractorStyle.h">
      <Filter>Header Files</Filter>
    </ClInclude>
    <ClInclude Include="C:\thesis\repo\MUKNO\include\MukVisualization\SliceRenderGroup.h">
      <Filter>Header Files</Filter>
    </ClInclude>
    <ClInclude Include="C:\thesis\repo\MUKNO\include\MukVisualization\SphereRegionRepresentation.h">
      <Filter>Header Files</Filter>
    </ClInclude>
    <ClInclude Include="C:\thesis\repo\MUKNO\include\MukVisualization\SphereRegionWidget.h">
      <Filter>Header Files</Filter>
    </ClInclude>
    <ClInclude Include="C:\thesis\repo\MUKNO\include\MukVisualization\SurfaceRegionRepresentation.h">
      <Filter>Header Files</Filter>
    </ClInclude>
    <ClInclude Include="C:\thesis\repo\MUKNO\include\MukVisualization\SurfaceRegionWidget.h">
      <Filter>Header Files</Filter>
    </ClInclude>
    <ClInclude Include="C:\thesis\repo\MUKNO\include\MukVisualization\Vis3dPlane.h">
      <Filter>Header Files</Filter>
    </ClInclude>
    <ClInclude Include="C:\thesis\repo\MUKNO\include\MukVisualization\VisAbstractObject.h">
      <Filter>Header Files</Filter>
    </ClInclude>
    <ClInclude Include="C:\thesis\repo\MUKNO\include\MukVisualization\VisDistanceLine.h">
      <Filter>Header Files</Filter>
    </ClInclude>
    <ClInclude Include="C:\thesis\repo\MUKNO\include\MukVisualization\VisAxes.h">
      <Filter>Header Files</Filter>
    </ClInclude>
    <ClInclude Include="C:\thesis\repo\MUKNO\include\MukVisualization\VisBounds.h">
      <Filter>Header Files</Filter>
    </ClInclude>
    <ClInclude Include="C:\thesis\repo\MUKNO\include\MukVisualization\VisCoordinateSystem.h">
      <Filter>Header Files</Filter>
    </ClInclude>
    <ClInclude Include="C:\thesis\repo\MUKNO\include\MukVisualization\VisCoordinateSystemCollection.h">
      <Filter>Header Files</Filter>
    </ClInclude>
    <ClInclude Include="C:\thesis\repo\MUKNO\include\MukVisualization\VisCursor3D.h">
      <Filter>Header Files</Filter>
    </ClInclude>
    <ClInclude Include="C:\thesis\repo\MUKNO\include\MukVisualization\VisImageOverlay.h">
      <Filter>Header Files</Filter>
    </ClInclude>
    <ClInclude Include="C:\thesis\repo\MUKNO\include\MukVisualization\MultiPortSphereRegionRepresentation.h">
      <Filter>Header Files</Filter>
    </ClInclude>
    <ClInclude Include="C:\thesis\repo\MUKNO\include\MukVisualization\VisMukPath.h">
      <Filter>Header Files</Filter>
    </ClInclude>
    <ClInclude Include="C:\thesis\repo\MUKNO\include\MukVisualization\VisMukPathGraph.h">
      <Filter>Header Files</Filter>
    </ClInclude>
    <ClInclude Include="C:\thesis\repo\MUKNO\include\MukVisualization\VisMukProblemDefinition.h">
      <Filter>Header Files</Filter>
    </ClInclude>
    <ClInclude Include="C:\thesis\repo\MUKNO\include\MukVisualization\VisMukRobotSource.h">
      <Filter>Header Files</Filter>
    </ClInclude>
    <ClInclude Include="C:\thesis\repo\MUKNO\include\MukVisualization\MukVtkAxesActor.h">
      <Filter>Header Files</Filter>
    </ClInclude>
    <ClInclude Include="C:\thesis\repo\MUKNO\include\MukVisualization\VisObstacle.h">
      <Filter>Header Files</Filter>
    </ClInclude>
    <ClInclude Include="C:\thesis\repo\MUKNO\include\MukVisualization\VisPathCollection.h">
      <Filter>Header Files</Filter>
    </ClInclude>
    <ClInclude Include="C:\thesis\repo\MUKNO\include\MukVisualization\VisPlaneRegion.h">
      <Filter>Header Files</Filter>
    </ClInclude>
    <ClInclude Include="C:\thesis\repo\MUKNO\include\MukVisualization\VisPreliminaryTestRobot.h">
      <Filter>Header Files</Filter>
    </ClInclude>
    <ClInclude Include="C:\thesis\repo\MUKNO\include\MukVisualization\VisScaleableObject.h">
      <Filter>Header Files</Filter>
    </ClInclude>
    <ClInclude Include="C:\thesis\repo\MUKNO\include\MukVisualization\VisScene.h">
      <Filter>Header Files</Filter>
    </ClInclude>
    <ClInclude Include="C:\thesis\repo\MUKNO\include\MukVisualization\VisSE3Trajectory.h">
      <Filter>Header Files</Filter>
    </ClInclude>
    <ClInclude Include="C:\thesis\repo\MUKNO\include\MukVisualization\VisSphereRegion.h">
      <Filter>Header Files</Filter>
    </ClInclude>
    <ClInclude Include="C:\thesis\repo\MUKNO\include\MukVisualization\VisMultiPortSphereRegion.h">
      <Filter>Header Files</Filter>
    </ClInclude>
    <ClInclude Include="C:\thesis\repo\MUKNO\include\MukVisualization\VisStateRegion.h">
      <Filter>Header Files</Filter>
    </ClInclude>
    <ClInclude Include="C:\thesis\repo\MUKNO\include\MukVisualization\VisStateRegionFactory.h">
      <Filter>Header Files</Filter>
    </ClInclude>
    <ClInclude Include="C:\thesis\repo\MUKNO\include\MukVisualization\VisSurfaceRegion.h">
      <Filter>Header Files</Filter>
    </ClInclude>
    <ClInclude Include="C:\thesis\repo\MUKNO\include\MukVisualization\VisTimeDelays.h">
      <Filter>Header Files</Filter>
    </ClInclude>
    <ClInclude Include="C:\thesis\repo\MUKNO\include\MukVisualization\VisTrajectory.h">
      <Filter>Header Files</Filter>
    </ClInclude>
    <ClInclude Include="C:\thesis\repo\MUKNO\include\MukVisualization\visualization_tools.h">
      <Filter>Header Files</Filter>
    </ClInclude>
    <ClInclude Include="C:\thesis\repo\MUKNO\include\MukVisualization\VisualObject.h">
      <Filter>Header Files</Filter>
    </ClInclude>
    <ClInclude Include="C:\thesis\repo\MUKNO\include\MukVisualization\VisualProp.h">
      <Filter>Header Files</Filter>
    </ClInclude>
    <ClInclude Include="C:\thesis\repo\MUKNO\include\MukVisualization\VisVector.h">
      <Filter>Header Files</Filter>
    </ClInclude>
    <ClInclude Include="C:\thesis\repo\MUKNO\include\MukVisualization\VisWaypoints.h">
      <Filter>Header Files</Filter>
    </ClInclude>
  </ItemGroup>
  <ItemGroup>
    <CustomBuild Include="C:\thesis\repo\MUKNO\src\MukVisualization\CMakeLists.txt" />
  </ItemGroup>
  <ItemGroup>
    <None Include="C:\thesis\repo\MUKNO\include\MukVisualization\private\muk.pch">
      <Filter>Header Files\private</Filter>
    </None>
  </ItemGroup>
  <ItemGroup>
    <ResourceCompile Include="C:\thesis\build\x64\release\MUKNO2-gris\src\MukVisualization\resource.rc">
      <Filter>Source Files</Filter>
    </ResourceCompile>
  </ItemGroup>
  <ItemGroup>
    <Filter Include="Header Files">
      <UniqueIdentifier>{B91584B3-1609-3B15-BF65-B42A0C25FA4D}</UniqueIdentifier>
    </Filter>
    <Filter Include="Header Files\private">
      <UniqueIdentifier>{2264B8B5-CEEB-3D67-BE09-A72C5D788801}</UniqueIdentifier>
    </Filter>
    <Filter Include="Source Files">
      <UniqueIdentifier>{CB068447-E40E-3315-86BB-47FF2D613851}</UniqueIdentifier>
    </Filter>
  </ItemGroup>
</Project>
